
Microsoft Visual Studio Solution File, Format Version 12.00
# Visual Studio Version 17
VisualStudioVersion = 17.3.32804.467
MinimumVisualStudioVersion = 10.0.40219.1
Project("{9A19103F-16F7-4668-BE54-9A1E7A4F7556}") = "DesktopUI", "DesktopUI\DesktopUI.csproj", "{490D16FE-7233-4D88-9714-02A5A408F83F}"
EndProject
Project("{9A19103F-16F7-4668-BE54-9A1E7A4F7556}") = "Entity", "Entity\Entity.csproj", "{5DA213D0-EF41-4716-A5D1-52E1D424666E}"
EndProject
Project("{9A19103F-16F7-4668-BE54-9A1E7A4F7556}") = "Core", "Core\Core.csproj", "{5D0383A8-4561-4BA6-9671-F2FD646CA2D5}"
EndProject
Project("{54435603-DBB4-11D2-8724-00A0C9A8B90C}") = "Temel Analiz", "Temel Analiz\Temel Analiz.vdproj", "{24929BE2-0762-45C4-87BD-F5654584FE9B}"
EndProject
Global
	GlobalSection(SolutionConfigurationPlatforms) = preSolution
		Debug|Any CPU = Debug|Any CPU
		Release|Any CPU = Release|Any CPU
	EndGlobalSection
	GlobalSection(ProjectConfigurationPlatforms) = postSolution
		{490D16FE-7233-4D88-9714-02A5A408F83F}.Debug|Any CPU.ActiveCfg = Debug|Any CPU
		{490D16FE-7233-4D88-9714-02A5A408F83F}.Debug|Any CPU.Build.0 = Debug|Any CPU
		{490D16FE-7233-4D88-9714-02A5A408F83F}.Release|Any CPU.ActiveCfg = Release|Any CPU
		{490D16FE-7233-4D88-9714-02A5A408F83F}.Release|Any CPU.Build.0 = Release|Any CPU
		{5DA213D0-EF41-4716-A5D1-52E1D424666E}.Debug|Any CPU.ActiveCfg = Debug|Any CPU
		{5DA213D0-EF41-4716-A5D1-52E1D424666E}.Debug|Any CPU.Build.0 = Debug|Any CPU
		{5DA213D0-EF41-4716-A5D1-52E1D424666E}.Release|Any CPU.ActiveCfg = Release|Any CPU
		{5DA213D0-EF41-4716-A5D1-52E1D424666E}.Release|Any CPU.Build.0 = Release|Any CPU
		{5D0383A8-4561-4BA6-9671-F2FD646CA2D5}.Debug|Any CPU.ActiveCfg = Debug|Any CPU
		{5D0383A8-4561-4BA6-9671-F2FD646CA2D5}.Debug|Any CPU.Build.0 = Debug|Any CPU
		{5D0383A8-4561-4BA6-9671-F2FD646CA2D5}.Release|Any CPU.ActiveCfg = Release|Any CPU
		{5D0383A8-4561-4BA6-9671-F2FD646CA2D5}.Release|Any CPU.Build.0 = Release|Any CPU
		{24929BE2-0762-45C4-87BD-F5654584FE9B}.Debug|Any CPU.ActiveCfg = Debug
		{24929BE2-0762-45C4-87BD-F5654584FE9B}.Release|Any CPU.ActiveCfg = Release
	EndGlobalSection
	GlobalSection(SolutionProperties) = preSolution
		HideSolutionNode = FALSE
	EndGlobalSection
	GlobalSection(ExtensibilityGlobals) = postSolution
		SolutionGuid = {3E702281-60C8-44F6-ADDC-5F5559F0DAA3}
	EndGlobalSection
EndGlobal
